// !$*UTF8*$!
{
	archiveVersion = 1;
	classes = {
	};
	objectVersion = 48;
	objects = {

/* Begin PBXBuildFile section */
		035163E51F9DA15700500E6D /* NetDiag.h in Headers */ = {isa = PBXBuildFile; fileRef = 035163E31F9DA15700500E6D /* NetDiag.h */; settings = {ATTRIBUTES = (Public, ); }; };
		035164021F9DA18900500E6D /* libresolv.tbd in Frameworks */ = {isa = PBXBuildFile; fileRef = 035164011F9DA18900500E6D /* libresolv.tbd */; };
/* End PBXBuildFile section */

/* Begin PBXFileReference section */
		035163E01F9DA15700500E6D /* NetDiag.framework */ = {isa = PBXFileReference; explicitFileType = wrapper.framework; includeInIndex = 0; path = NetDiag.framework; sourceTree = BUILT_PRODUCTS_DIR; };
		035163E31F9DA15700500E6D /* NetDiag.h */ = {isa = PBXFileReference; lastKnownFileType = sourcecode.c.h; path = NetDiag.h; sourceTree = "<group>"; };
		035163E41F9DA15700500E6D /* Info.plist */ = {isa = PBXFileReference; lastKnownFileType = text.plist.xml; path = Info.plist; sourceTree = "<group>"; };
		035163EC1F9DA17600500E6D /* QNNTraceRoute.h */ = {isa = PBXFileReference; lastKnownFileType = sourcecode.c.h; path = QNNTraceRoute.h; sourceTree = "<group>"; };
		035163ED1F9DA17700500E6D /* QNNUtil.h */ = {isa = PBXFileReference; lastKnownFileType = sourcecode.c.h; path = QNNUtil.h; sourceTree = "<group>"; };
		035163EE1F9DA17700500E6D /* QNNHttp.m */ = {isa = PBXFileReference; lastKnownFileType = sourcecode.c.objc; path = QNNHttp.m; sourceTree = "<group>"; };
		035163EF1F9DA17700500E6D /* QNNPing.m */ = {isa = PBXFileReference; lastKnownFileType = sourcecode.c.objc; path = QNNPing.m; sourceTree = "<group>"; };
		035163F01F9DA17700500E6D /* QNNExternalIp.m */ = {isa = PBXFileReference; lastKnownFileType = sourcecode.c.objc; path = QNNExternalIp.m; sourceTree = "<group>"; };
		035163F11F9DA17700500E6D /* QNNProtocols.h */ = {isa = PBXFileReference; lastKnownFileType = sourcecode.c.h; path = QNNProtocols.h; sourceTree = "<group>"; };
		035163F21F9DA17700500E6D /* QNNRtmp.h */ = {isa = PBXFileReference; lastKnownFileType = sourcecode.c.h; path = QNNRtmp.h; sourceTree = "<group>"; };
		035163F31F9DA17700500E6D /* QNNTcpPing.h */ = {isa = PBXFileReference; lastKnownFileType = sourcecode.c.h; path = QNNTcpPing.h; sourceTree = "<group>"; };
		035163F41F9DA17700500E6D /* QNNQue.m */ = {isa = PBXFileReference; lastKnownFileType = sourcecode.c.objc; path = QNNQue.m; sourceTree = "<group>"; };
		035163F51F9DA17700500E6D /* QNNPing.h */ = {isa = PBXFileReference; lastKnownFileType = sourcecode.c.h; path = QNNPing.h; sourceTree = "<group>"; };
		035163F61F9DA17700500E6D /* QNNNslookup.m */ = {isa = PBXFileReference; lastKnownFileType = sourcecode.c.objc; path = QNNNslookup.m; sourceTree = "<group>"; };
		035163F81F9DA17700500E6D /* QNNExternalIp.h */ = {isa = PBXFileReference; lastKnownFileType = sourcecode.c.h; path = QNNExternalIp.h; sourceTree = "<group>"; };
		035163F91F9DA17700500E6D /* QNNNslookup.h */ = {isa = PBXFileReference; lastKnownFileType = sourcecode.c.h; path = QNNNslookup.h; sourceTree = "<group>"; };
		035163FA1F9DA17700500E6D /* QNNRtmp.m */ = {isa = PBXFileReference; lastKnownFileType = sourcecode.c.objc; path = QNNRtmp.m; sourceTree = "<group>"; };
		035163FB1F9DA17700500E6D /* QNNQue.h */ = {isa = PBXFileReference; lastKnownFileType = sourcecode.c.h; path = QNNQue.h; sourceTree = "<group>"; };
		035163FC1F9DA17700500E6D /* QNNHttp.h */ = {isa = PBXFileReference; lastKnownFileType = sourcecode.c.h; path = QNNHttp.h; sourceTree = "<group>"; };
		035163FD1F9DA17700500E6D /* QNNTcpPing.m */ = {isa = PBXFileReference; lastKnownFileType = sourcecode.c.objc; path = QNNTcpPing.m; sourceTree = "<group>"; };
		035163FE1F9DA17700500E6D /* QNNTraceRoute.m */ = {isa = PBXFileReference; lastKnownFileType = sourcecode.c.objc; path = QNNTraceRoute.m; sourceTree = "<group>"; };
		035163FF1F9DA17700500E6D /* QNNUtil.m */ = {isa = PBXFileReference; lastKnownFileType = sourcecode.c.objc; path = QNNUtil.m; sourceTree = "<group>"; };
		035164011F9DA18900500E6D /* libresolv.tbd */ = {isa = PBXFileReference; lastKnownFileType = "sourcecode.text-based-dylib-definition"; name = libresolv.tbd; path = usr/lib/libresolv.tbd; sourceTree = SDKROOT; };
/* End PBXFileReference section */

/* Begin PBXFrameworksBuildPhase section */
		035163DC1F9DA15700500E6D /* Frameworks */ = {
			isa = PBXFrameworksBuildPhase;
			buildActionMask = 2147483647;
			files = (
				035164021F9DA18900500E6D /* libresolv.tbd in Frameworks */,
			);
			runOnlyForDeploymentPostprocessing = 0;
		};
/* End PBXFrameworksBuildPhase section */

/* Begin PBXGroup section */
		035163D61F9DA15700500E6D = {
			isa = PBXGroup;
			children = (
				035163E21F9DA15700500E6D /* NetDiag */,
				035163E11F9DA15700500E6D /* Products */,
				035164001F9DA18800500E6D /* Frameworks */,
			);
			sourceTree = "<group>";
		};
		035163E11F9DA15700500E6D /* Products */ = {
			isa = PBXGroup;
			children = (
				035163E01F9DA15700500E6D /* NetDiag.framework */,
			);
			name = Products;
			sourceTree = "<group>";
		};
		035163E21F9DA15700500E6D /* NetDiag */ = {
			isa = PBXGroup;
			children = (
				035163EB1F9DA15C00500E6D /* Library */,
				035163E31F9DA15700500E6D /* NetDiag.h */,
				035163E41F9DA15700500E6D /* Info.plist */,
			);
			path = NetDiag;
			sourceTree = "<group>";
		};
		035163EB1F9DA15C00500E6D /* Library */ = {
			isa = PBXGroup;
			children = (
				035163F81F9DA17700500E6D /* QNNExternalIp.h */,
				035163F01F9DA17700500E6D /* QNNExternalIp.m */,
				035163FC1F9DA17700500E6D /* QNNHttp.h */,
				035163EE1F9DA17700500E6D /* QNNHttp.m */,
				035163F91F9DA17700500E6D /* QNNNslookup.h */,
				035163F61F9DA17700500E6D /* QNNNslookup.m */,
				035163F51F9DA17700500E6D /* QNNPing.h */,
				035163EF1F9DA17700500E6D /* QNNPing.m */,
				035163F11F9DA17700500E6D /* QNNProtocols.h */,
				035163FB1F9DA17700500E6D /* QNNQue.h */,
				035163F41F9DA17700500E6D /* QNNQue.m */,
				035163F21F9DA17700500E6D /* QNNRtmp.h */,
				035163FA1F9DA17700500E6D /* QNNRtmp.m */,
				035163F31F9DA17700500E6D /* QNNTcpPing.h */,
				035163FD1F9DA17700500E6D /* QNNTcpPing.m */,
				035163EC1F9DA17600500E6D /* QNNTraceRoute.h */,
				035163FE1F9DA17700500E6D /* QNNTraceRoute.m */,
				035163ED1F9DA17700500E6D /* QNNUtil.h */,
				035163FF1F9DA17700500E6D /* QNNUtil.m */,
			);
			path = Library;
			sourceTree = "<group>";
		};
		035164001F9DA18800500E6D /* Frameworks */ = {
			isa = PBXGroup;
			children = (
				035164011F9DA18900500E6D /* libresolv.tbd */,
			);
			name = Frameworks;
			sourceTree = "<group>";
		};
/* End PBXGroup section */

/* Begin PBXHeadersBuildPhase section */
		035163DD1F9DA15700500E6D /* Headers */ = {
			isa = PBXHeadersBuildPhase;
			buildActionMask = 2147483647;
			files = (
				035163E51F9DA15700500E6D /* NetDiag.h in Headers */,
			);
			runOnlyForDeploymentPostprocessing = 0;
		};
/* End PBXHeadersBuildPhase section */

/* Begin PBXNativeTarget section */
		035163DF1F9DA15700500E6D /* NetDiag */ = {
			isa = PBXNativeTarget;
			buildConfigurationList = 035163E81F9DA15700500E6D /* Build configuration list for PBXNativeTarget "NetDiag" */;
			buildPhases = (
				035163DB1F9DA15700500E6D /* Sources */,
				035163DC1F9DA15700500E6D /* Frameworks */,
				035163DD1F9DA15700500E6D /* Headers */,
				035163DE1F9DA15700500E6D /* Resources */,
			);
			buildRules = (
			);
			dependencies = (
			);
			name = NetDiag;
			productName = NetDiag;
			productReference = 035163E01F9DA15700500E6D /* NetDiag.framework */;
			productType = "com.apple.product-type.framework";
		};
/* End PBXNativeTarget section */

/* Begin PBXProject section */
		035163D71F9DA15700500E6D /* Project object */ = {
			isa = PBXProject;
			attributes = {
				LastUpgradeCheck = 0900;
				ORGANIZATIONNAME = "JR Apps Pty. Ltd.";
				TargetAttributes = {
					035163DF1F9DA15700500E6D = {
						CreatedOnToolsVersion = 9.0;
						ProvisioningStyle = Automatic;
					};
				};
			};
			buildConfigurationList = 035163DA1F9DA15700500E6D /* Build configuration list for PBXProject "NetDiag" */;
			compatibilityVersion = "Xcode 8.0";
			developmentRegion = en;
			hasScannedForEncodings = 0;
			knownRegions = (
				en,
			);
			mainGroup = 035163D61F9DA15700500E6D;
			productRefGroup = 035163E11F9DA15700500E6D /* Products */;
			projectDirPath = "";
			projectRoot = "";
			targets = (
				035163DF1F9DA15700500E6D /* NetDiag */,
			);
		};
/* End PBXProject section */

/* Begin PBXResourcesBuildPhase section */
		035163DE1F9DA15700500E6D /* Resources */ = {
			isa = PBXResourcesBuildPhase;
			buildActionMask = 2147483647;
			files = (
			);
			runOnlyForDeploymentPostprocessing = 0;
		};
/* End PBXResourcesBuildPhase section */

/* Begin PBXSourcesBuildPhase section */
		035163DB1F9DA15700500E6D /* Sources */ = {
			isa = PBXSourcesBuildPhase;
			buildActionMask = 2147483647;
			files = (
			);
			runOnlyForDeploymentPostprocessing = 0;
		};
/* End PBXSourcesBuildPhase section */

/* Begin XCBuildConfiguration section */
		035163E61F9DA15700500E6D /* Debug */ = {
			isa = XCBuildConfiguration;
			buildSettings = {
				ALWAYS_SEARCH_USER_PATHS = NO;
				CLANG_ANALYZER_NONNULL = YES;
				CLANG_ANALYZER_NUMBER_OBJECT_CONVERSION = YES_AGGRESSIVE;
				CLANG_CXX_LANGUAGE_STANDARD = "gnu++14";
				CLANG_CXX_LIBRARY = "libc++";
				CLANG_ENABLE_MODULES = YES;
				CLANG_ENABLE_OBJC_ARC = YES;
				CLANG_WARN_BLOCK_CAPTURE_AUTORELEASING = YES;
				CLANG_WARN_BOOL_CONVERSION = YES;
				CLANG_WARN_COMMA = YES;
				CLANG_WARN_CONSTANT_CONVERSION = YES;
				CLANG_WARN_DIRECT_OBJC_ISA_USAGE = YES_ERROR;
				CLANG_WARN_DOCUMENTATION_COMMENTS = YES;
				CLANG_WARN_EMPTY_BODY = YES;
				CLANG_WARN_ENUM_CONVERSION = YES;
				CLANG_WARN_INFINITE_RECURSION = YES;
				CLANG_WARN_INT_CONVERSION = YES;
				CLANG_WARN_NON_LITERAL_NULL_CONVERSION = YES;
				CLANG_WARN_OBJC_LITERAL_CONVERSION = YES;
				CLANG_WARN_OBJC_ROOT_CLASS = YES_ERROR;
				CLANG_WARN_RANGE_LOOP_ANALYSIS = YES;
				CLANG_WARN_STRICT_PROTOTYPES = YES;
				CLANG_WARN_SUSPICIOUS_MOVE = YES;
				CLANG_WARN_UNGUARDED_AVAILABILITY = YES_AGGRESSIVE;
				CLANG_WARN_UNREACHABLE_CODE = YES;
				CLANG_WARN__DUPLICATE_METHOD_MATCH = YES;
				CODE_SIGN_IDENTITY = "iPhone Developer";
				COPY_PHASE_STRIP = NO;
				CURRENT_PROJECT_VERSION = 1;
				DEBUG_INFORMATION_FORMAT = dwarf;
				ENABLE_STRICT_OBJC_MSGSEND = YES;
				ENABLE_TESTABILITY = YES;
				GCC_C_LANGUAGE_STANDARD = gnu11;
				GCC_DYNAMIC_NO_PIC = NO;
				GCC_NO_COMMON_BLOCKS = YES;
				GCC_OPTIMIZATION_LEVEL = 0;
				GCC_PREPROCESSOR_DEFINITIONS = (
					"DEBUG=1",
					"$(inherited)",
				);
				GCC_WARN_64_TO_32_BIT_CONVERSION = YES;
				GCC_WARN_ABOUT_RETURN_TYPE = YES_ERROR;
				GCC_WARN_UNDECLARED_SELECTOR = YES;
				GCC_WARN_UNINITIALIZED_AUTOS = YES_AGGRESSIVE;
				GCC_WARN_UNUSED_FUNCTION = YES;
				GCC_WARN_UNUSED_VARIABLE = YES;
				IPHONEOS_DEPLOYMENT_TARGET = 11.0;
				MTL_ENABLE_DEBUG_INFO = YES;
				ONLY_ACTIVE_ARCH = YES;
				SDKROOT = iphoneos;
				VERSIONING_SYSTEM = "apple-generic";
				VERSION_INFO_PREFIX = "";
			};
			name = Debug;
		};
		035163E71F9DA15700500E6D /* Release */ = {
			isa = XCBuildConfiguration;
			buildSettings = {
				ALWAYS_SEARCH_USER_PATHS = NO;
				CLANG_ANALYZER_NONNULL = YES;
				CLANG_ANALYZER_NUMBER_OBJECT_CONVERSION = YES_AGGRESSIVE;
				CLANG_CXX_LANGUAGE_STANDARD = "gnu++14";
				CLANG_CXX_LIBRARY = "libc++";
				CLANG_ENABLE_MODULES = YES;
				CLANG_ENABLE_OBJC_ARC = YES;
				CLANG_WARN_BLOCK_CAPTURE_AUTORELEASING = YES;
				CLANG_WARN_BOOL_CONVERSION = YES;
				CLANG_WARN_COMMA = YES;
				CLANG_WARN_CONSTANT_CONVERSION = YES;
				CLANG_WARN_DIRECT_OBJC_ISA_USAGE = YES_ERROR;
				CLANG_WARN_DOCUMENTATION_COMMENTS = YES;
				CLANG_WARN_EMPTY_BODY = YES;
				CLANG_WARN_ENUM_CONVERSION = YES;
				CLANG_WARN_INFINITE_RECURSION = YES;
				CLANG_WARN_INT_CONVERSION = YES;
				CLANG_WARN_NON_LITERAL_NULL_CONVERSION = YES;
				CLANG_WARN_OBJC_LITERAL_CONVERSION = YES;
				CLANG_WARN_OBJC_ROOT_CLASS = YES_ERROR;
				CLANG_WARN_RANGE_LOOP_ANALYSIS = YES;
				CLANG_WARN_STRICT_PROTOTYPES = YES;
				CLANG_WARN_SUSPICIOUS_MOVE = YES;
				CLANG_WARN_UNGUARDED_AVAILABILITY = YES_AGGRESSIVE;
				CLANG_WARN_UNREACHABLE_CODE = YES;
				CLANG_WARN__DUPLICATE_METHOD_MATCH = YES;
				CODE_SIGN_IDENTITY = "iPhone Developer";
				COPY_PHASE_STRIP = NO;
				CURRENT_PROJECT_VERSION = 1;
				DEBUG_INFORMATION_FORMAT = "dwarf-with-dsym";
				ENABLE_NS_ASSERTIONS = NO;
				ENABLE_STRICT_OBJC_MSGSEND = YES;
				GCC_C_LANGUAGE_STANDARD = gnu11;
				GCC_NO_COMMON_BLOCKS = YES;
				GCC_WARN_64_TO_32_BIT_CONVERSION = YES;
				GCC_WARN_ABOUT_RETURN_TYPE = YES_ERROR;
				GCC_WARN_UNDECLARED_SELECTOR = YES;
				GCC_WARN_UNINITIALIZED_AUTOS = YES_AGGRESSIVE;
				GCC_WARN_UNUSED_FUNCTION = YES;
				GCC_WARN_UNUSED_VARIABLE = YES;
				IPHONEOS_DEPLOYMENT_TARGET = 11.0;
				MTL_ENABLE_DEBUG_INFO = NO;
				SDKROOT = iphoneos;
				VALIDATE_PRODUCT = YES;
				VERSIONING_SYSTEM = "apple-generic";
				VERSION_INFO_PREFIX = "";
			};
			name = Release;
		};
		035163E91F9DA15700500E6D /* Debug */ = {
			isa = XCBuildConfiguration;
			buildSettings = {
				CODE_SIGN_IDENTITY = "";
				CODE_SIGN_STYLE = Automatic;
				DEFINES_MODULE = YES;
				DEVELOPMENT_TEAM = "";
				DYLIB_COMPATIBILITY_VERSION = 1;
				DYLIB_CURRENT_VERSION = 1;
				DYLIB_INSTALL_NAME_BASE = "@rpath";
				INFOPLIST_FILE = NetDiag/Info.plist;
				INSTALL_PATH = "$(LOCAL_LIBRARY_DIR)/Frameworks";
				IPHONEOS_DEPLOYMENT_TARGET = 8.0;
				LD_RUNPATH_SEARCH_PATHS = "$(inherited) @executable_path/Frameworks @loader_path/Frameworks";
				PRODUCT_BUNDLE_IDENTIFIER = com.qiniu.NetDiag;
				PRODUCT_NAME = "$(TARGET_NAME:c99extidentifier)";
				SKIP_INSTALL = YES;
				TARGETED_DEVICE_FAMILY = "1,2";
			};
			name = Debug;
		};
		035163EA1F9DA15700500E6D /* Release */ = {
			isa = XCBuildConfiguration;
			buildSettings = {
				CODE_SIGN_IDENTITY = "";
				CODE_SIGN_STYLE = Automatic;
				DEFINES_MODULE = YES;
				DEVELOPMENT_TEAM = "";
				DYLIB_COMPATIBILITY_VERSION = 1;
				DYLIB_CURRENT_VERSION = 1;
				DYLIB_INSTALL_NAME_BASE = "@rpath";
				INFOPLIST_FILE = NetDiag/Info.plist;
				INSTALL_PATH = "$(LOCAL_LIBRARY_DIR)/Frameworks";
				IPHONEOS_DEPLOYMENT_TARGET = 8.0;
				LD_RUNPATH_SEARCH_PATHS = "$(inherited) @executable_path/Frameworks @loader_path/Frameworks";
				PRODUCT_BUNDLE_IDENTIFIER = com.qiniu.NetDiag;
				PRODUCT_NAME = "$(TARGET_NAME:c99extidentifier)";
				SKIP_INSTALL = YES;
				TARGETED_DEVICE_FAMILY = "1,2";
			};
			name = Release;
		};
/* End XCBuildConfiguration section */

/* Begin XCConfigurationList section */
		035163DA1F9DA15700500E6D /* Build configuration list for PBXProject "NetDiag" */ = {
			isa = XCConfigurationList;
			buildConfigurations = (
				035163E61F9DA15700500E6D /* Debug */,
				035163E71F9DA15700500E6D /* Release */,
			);
			defaultConfigurationIsVisible = 0;
			defaultConfigurationName = Release;
		};
		035163E81F9DA15700500E6D /* Build configuration list for PBXNativeTarget "NetDiag" */ = {
			isa = XCConfigurationList;
			buildConfigurations = (
				035163E91F9DA15700500E6D /* Debug */,
				035163EA1F9DA15700500E6D /* Release */,
			);
			defaultConfigurationIsVisible = 0;
			defaultConfigurationName = Release;
		};
/* End XCConfigurationList section */
	};
	rootObject = 035163D71F9DA15700500E6D /* Project object */;
}
